
Microsoft Visual Studio Solution File, Format Version 12.00
# Visual Studio Version 16
VisualStudioVersion = 16.0.28803.452
MinimumVisualStudioVersion = 10.0.40219.1
Project("{9A19103F-16F7-4668-BE54-9A1E7A4F7556}") = "SOLIDPrinciple.SingleResponsibility", "SOLIDPrinciple.SingleResponsibility\SOLIDPrinciple.SingleResponsibility.csproj", "{9232CE7D-B814-4D44-95B6-3D0E6D1559FF}"
EndProject
Project("{9A19103F-16F7-4668-BE54-9A1E7A4F7556}") = "SOLIDPrinciple.OpenClose", "SOLIDPrinciple.OpenClose\SOLIDPrinciple.OpenClose.csproj", "{67E3DD02-B18B-4D61-9BAA-86C09EC9F1A7}"
EndProject
Project("{9A19103F-16F7-4668-BE54-9A1E7A4F7556}") = "SOLIDPrinciple.LiskovSubstitution", "SOLIDPrinciple.LiskovSubstitution\SOLIDPrinciple.LiskovSubstitution.csproj", "{90E0C071-5F96-4C91-A23A-26E53596525D}"
EndProject
Project("{9A19103F-16F7-4668-BE54-9A1E7A4F7556}") = "SOLID.DependencyInversion", "SOLID.DependencyInversion\SOLID.DependencyInversion.csproj", "{11EEF32A-B109-45F1-BDD0-1809B27CC569}"
EndProject
Project("{9A19103F-16F7-4668-BE54-9A1E7A4F7556}") = "SOLID.InterfaceSegregation", "SOLID.InterfaceSegregation\SOLID.InterfaceSegregation.csproj", "{C04AD255-B0CF-4D50-80FF-39A475BD9B33}"
EndProject
Project("{2150E333-8FDC-42A3-9474-1A3956D46DE8}") = "DRY", "DRY", "{7EA17FEC-6201-41FE-9586-499334CB0B2E}"
EndProject
Project("{2150E333-8FDC-42A3-9474-1A3956D46DE8}") = "SOLID", "SOLID", "{14EC52D2-5953-4C36-A600-F024C74AD30E}"
EndProject
Project("{FAE04EC0-301F-11D3-BF4B-00C04F79EFBC}") = "DRY.Library", "DRY.Library\DRY.Library.csproj", "{574096CE-9288-4827-9BA1-2337336FEAD8}"
EndProject
Project("{FAE04EC0-301F-11D3-BF4B-00C04F79EFBC}") = "DRY.WinForms", "DRY.WinForms\DRY.WinForms.csproj", "{B42A3A4E-D618-49DB-A4A7-4BED142B2BE0}"
EndProject
Project("{FAE04EC0-301F-11D3-BF4B-00C04F79EFBC}") = "DRY.TestProject", "DRY.TestProject\DRY.TestProject.csproj", "{8D2BA57F-A907-41C6-B8AA-4DADCA81F48D}"
EndProject
Project("{2150E333-8FDC-42A3-9474-1A3956D46DE8}") = "Design Patterns", "Design Patterns", "{0B871E0F-5FD7-4AA9-9B76-B42F69F8C6C5}"
EndProject
Project("{2150E333-8FDC-42A3-9474-1A3956D46DE8}") = "Creational", "Creational", "{072C2912-C9B5-4631-8311-79173947F39F}"
EndProject
Project("{FAE04EC0-301F-11D3-BF4B-00C04F79EFBC}") = "FactoryMethod", "FactoryMethod\FactoryMethod.csproj", "{287167D1-1821-4F57-960E-532FBC22FF95}"
EndProject
Global
	GlobalSection(SolutionConfigurationPlatforms) = preSolution
		Debug|Any CPU = Debug|Any CPU
		Release|Any CPU = Release|Any CPU
	EndGlobalSection
	GlobalSection(ProjectConfigurationPlatforms) = postSolution
		{9232CE7D-B814-4D44-95B6-3D0E6D1559FF}.Debug|Any CPU.ActiveCfg = Debug|Any CPU
		{9232CE7D-B814-4D44-95B6-3D0E6D1559FF}.Debug|Any CPU.Build.0 = Debug|Any CPU
		{9232CE7D-B814-4D44-95B6-3D0E6D1559FF}.Release|Any CPU.ActiveCfg = Release|Any CPU
		{9232CE7D-B814-4D44-95B6-3D0E6D1559FF}.Release|Any CPU.Build.0 = Release|Any CPU
		{67E3DD02-B18B-4D61-9BAA-86C09EC9F1A7}.Debug|Any CPU.ActiveCfg = Debug|Any CPU
		{67E3DD02-B18B-4D61-9BAA-86C09EC9F1A7}.Debug|Any CPU.Build.0 = Debug|Any CPU
		{67E3DD02-B18B-4D61-9BAA-86C09EC9F1A7}.Release|Any CPU.ActiveCfg = Release|Any CPU
		{67E3DD02-B18B-4D61-9BAA-86C09EC9F1A7}.Release|Any CPU.Build.0 = Release|Any CPU
		{90E0C071-5F96-4C91-A23A-26E53596525D}.Debug|Any CPU.ActiveCfg = Debug|Any CPU
		{90E0C071-5F96-4C91-A23A-26E53596525D}.Debug|Any CPU.Build.0 = Debug|Any CPU
		{90E0C071-5F96-4C91-A23A-26E53596525D}.Release|Any CPU.ActiveCfg = Release|Any CPU
		{90E0C071-5F96-4C91-A23A-26E53596525D}.Release|Any CPU.Build.0 = Release|Any CPU
		{11EEF32A-B109-45F1-BDD0-1809B27CC569}.Debug|Any CPU.ActiveCfg = Debug|Any CPU
		{11EEF32A-B109-45F1-BDD0-1809B27CC569}.Debug|Any CPU.Build.0 = Debug|Any CPU
		{11EEF32A-B109-45F1-BDD0-1809B27CC569}.Release|Any CPU.ActiveCfg = Release|Any CPU
		{11EEF32A-B109-45F1-BDD0-1809B27CC569}.Release|Any CPU.Build.0 = Release|Any CPU
		{C04AD255-B0CF-4D50-80FF-39A475BD9B33}.Debug|Any CPU.ActiveCfg = Debug|Any CPU
		{C04AD255-B0CF-4D50-80FF-39A475BD9B33}.Debug|Any CPU.Build.0 = Debug|Any CPU
		{C04AD255-B0CF-4D50-80FF-39A475BD9B33}.Release|Any CPU.ActiveCfg = Release|Any CPU
		{C04AD255-B0CF-4D50-80FF-39A475BD9B33}.Release|Any CPU.Build.0 = Release|Any CPU
		{574096CE-9288-4827-9BA1-2337336FEAD8}.Debug|Any CPU.ActiveCfg = Debug|Any CPU
		{574096CE-9288-4827-9BA1-2337336FEAD8}.Debug|Any CPU.Build.0 = Debug|Any CPU
		{574096CE-9288-4827-9BA1-2337336FEAD8}.Release|Any CPU.ActiveCfg = Release|Any CPU
		{574096CE-9288-4827-9BA1-2337336FEAD8}.Release|Any CPU.Build.0 = Release|Any CPU
		{B42A3A4E-D618-49DB-A4A7-4BED142B2BE0}.Debug|Any CPU.ActiveCfg = Debug|Any CPU
		{B42A3A4E-D618-49DB-A4A7-4BED142B2BE0}.Debug|Any CPU.Build.0 = Debug|Any CPU
		{B42A3A4E-D618-49DB-A4A7-4BED142B2BE0}.Release|Any CPU.ActiveCfg = Release|Any CPU
		{B42A3A4E-D618-49DB-A4A7-4BED142B2BE0}.Release|Any CPU.Build.0 = Release|Any CPU
		{8D2BA57F-A907-41C6-B8AA-4DADCA81F48D}.Debug|Any CPU.ActiveCfg = Debug|Any CPU
		{8D2BA57F-A907-41C6-B8AA-4DADCA81F48D}.Debug|Any CPU.Build.0 = Debug|Any CPU
		{8D2BA57F-A907-41C6-B8AA-4DADCA81F48D}.Release|Any CPU.ActiveCfg = Release|Any CPU
		{8D2BA57F-A907-41C6-B8AA-4DADCA81F48D}.Release|Any CPU.Build.0 = Release|Any CPU
		{287167D1-1821-4F57-960E-532FBC22FF95}.Debug|Any CPU.ActiveCfg = Debug|Any CPU
		{287167D1-1821-4F57-960E-532FBC22FF95}.Debug|Any CPU.Build.0 = Debug|Any CPU
		{287167D1-1821-4F57-960E-532FBC22FF95}.Release|Any CPU.ActiveCfg = Release|Any CPU
		{287167D1-1821-4F57-960E-532FBC22FF95}.Release|Any CPU.Build.0 = Release|Any CPU
	EndGlobalSection
	GlobalSection(SolutionProperties) = preSolution
		HideSolutionNode = FALSE
	EndGlobalSection
	GlobalSection(NestedProjects) = preSolution
		{9232CE7D-B814-4D44-95B6-3D0E6D1559FF} = {14EC52D2-5953-4C36-A600-F024C74AD30E}
		{67E3DD02-B18B-4D61-9BAA-86C09EC9F1A7} = {14EC52D2-5953-4C36-A600-F024C74AD30E}
		{90E0C071-5F96-4C91-A23A-26E53596525D} = {14EC52D2-5953-4C36-A600-F024C74AD30E}
		{11EEF32A-B109-45F1-BDD0-1809B27CC569} = {14EC52D2-5953-4C36-A600-F024C74AD30E}
		{C04AD255-B0CF-4D50-80FF-39A475BD9B33} = {14EC52D2-5953-4C36-A600-F024C74AD30E}
		{574096CE-9288-4827-9BA1-2337336FEAD8} = {7EA17FEC-6201-41FE-9586-499334CB0B2E}
		{B42A3A4E-D618-49DB-A4A7-4BED142B2BE0} = {7EA17FEC-6201-41FE-9586-499334CB0B2E}
		{8D2BA57F-A907-41C6-B8AA-4DADCA81F48D} = {7EA17FEC-6201-41FE-9586-499334CB0B2E}
		{072C2912-C9B5-4631-8311-79173947F39F} = {0B871E0F-5FD7-4AA9-9B76-B42F69F8C6C5}
		{287167D1-1821-4F57-960E-532FBC22FF95} = {072C2912-C9B5-4631-8311-79173947F39F}
	EndGlobalSection
	GlobalSection(ExtensibilityGlobals) = postSolution
		SolutionGuid = {18C7CD27-E0C3-477C-BD1C-60416ACB5A72}
	EndGlobalSection
EndGlobal
